// !$*UTF8*$!
{
	archiveVersion = 1;
	classes = {
	};
	objectVersion = 51;
	objects = {

/* Begin PBXBuildFile section */
		4BBC2BB37823462FDA3D993D /* Pods_UnitTestDemo.framework in Frameworks */ = {isa = PBXBuildFile; fileRef = A03DD3CBC482B16C7CAABF75 /* Pods_UnitTestDemo.framework */; };
		4F9B551F2CD1BA41ED707AC9 /* Pods_UnitTestDemoUITests.framework in Frameworks */ = {isa = PBXBuildFile; fileRef = 5C596C951743F23515EAC59C /* Pods_UnitTestDemoUITests.framework */; };
		5449BCA4800DFA25B6901814 /* Pods_UnitTestDemoTests.framework in Frameworks */ = {isa = PBXBuildFile; fileRef = 833E6A18DF25BADD5640B8A3 /* Pods_UnitTestDemoTests.framework */; };
		ACA02D5F233B9421003D8B5A /* EmployeeListViewModel.swift in Sources */ = {isa = PBXBuildFile; fileRef = ACA02D5E233B9421003D8B5A /* EmployeeListViewModel.swift */; };
		ACBF6765233BA7F80050CC51 /* SceneDelegate.swift in Sources */ = {isa = PBXBuildFile; fileRef = ACBF6764233BA7F80050CC51 /* SceneDelegate.swift */; };
		ACC0962A233B8F8B00E65E17 /* AppDelegate.swift in Sources */ = {isa = PBXBuildFile; fileRef = ACC09629233B8F8B00E65E17 /* AppDelegate.swift */; };
		ACC0962E233B8F8B00E65E17 /* ViewController.swift in Sources */ = {isa = PBXBuildFile; fileRef = ACC0962D233B8F8B00E65E17 /* ViewController.swift */; };
		ACC09631233B8F8B00E65E17 /* Main.storyboard in Resources */ = {isa = PBXBuildFile; fileRef = ACC0962F233B8F8B00E65E17 /* Main.storyboard */; };
		ACC09633233B8F8B00E65E17 /* Assets.xcassets in Resources */ = {isa = PBXBuildFile; fileRef = ACC09632233B8F8B00E65E17 /* Assets.xcassets */; };
		ACC09636233B8F8B00E65E17 /* LaunchScreen.storyboard in Resources */ = {isa = PBXBuildFile; fileRef = ACC09634233B8F8B00E65E17 /* LaunchScreen.storyboard */; };
		ACC09641233B8F8B00E65E17 /* UnitTestDemoTests.swift in Sources */ = {isa = PBXBuildFile; fileRef = ACC09640233B8F8B00E65E17 /* UnitTestDemoTests.swift */; };
		ACC0964C233B8F8B00E65E17 /* UnitTestDemoUITests.swift in Sources */ = {isa = PBXBuildFile; fileRef = ACC0964B233B8F8B00E65E17 /* UnitTestDemoUITests.swift */; };
		ACC0965A233B8FD400E65E17 /* EmployeeListViewController.swift in Sources */ = {isa = PBXBuildFile; fileRef = ACC09659233B8FD400E65E17 /* EmployeeListViewController.swift */; };
		ACC0965C233B902800E65E17 /* HTTPClient.swift in Sources */ = {isa = PBXBuildFile; fileRef = ACC0965B233B902800E65E17 /* HTTPClient.swift */; };
		ACC0965E233B903E00E65E17 /* EmployeeCell.swift in Sources */ = {isa = PBXBuildFile; fileRef = ACC0965D233B903E00E65E17 /* EmployeeCell.swift */; };
		ACC09660233B905900E65E17 /* Employee.swift in Sources */ = {isa = PBXBuildFile; fileRef = ACC0965F233B905900E65E17 /* Employee.swift */; };
		ACC47426233B97D4003CF1C0 /* NetworkProvider.swift in Sources */ = {isa = PBXBuildFile; fileRef = ACC47425233B97D4003CF1C0 /* NetworkProvider.swift */; };
/* End PBXBuildFile section */

/* Begin PBXContainerItemProxy section */
		ACC0963D233B8F8B00E65E17 /* PBXContainerItemProxy */ = {
			isa = PBXContainerItemProxy;
			containerPortal = ACC0961E233B8F8B00E65E17 /* Project object */;
			proxyType = 1;
			remoteGlobalIDString = ACC09625233B8F8B00E65E17;
			remoteInfo = UnitTestDemo;
		};
		ACC09648233B8F8B00E65E17 /* PBXContainerItemProxy */ = {
			isa = PBXContainerItemProxy;
			containerPortal = ACC0961E233B8F8B00E65E17 /* Project object */;
			proxyType = 1;
			remoteGlobalIDString = ACC09625233B8F8B00E65E17;
			remoteInfo = UnitTestDemo;
		};
/* End PBXContainerItemProxy section */

/* Begin PBXFileReference section */
		3CDA3FB9EE4B51A9D0CA3ED3 /* Pods-UnitTestDemoUITests.release.xcconfig */ = {isa = PBXFileReference; includeInIndex = 1; lastKnownFileType = text.xcconfig; name = "Pods-UnitTestDemoUITests.release.xcconfig"; path = "Target Support Files/Pods-UnitTestDemoUITests/Pods-UnitTestDemoUITests.release.xcconfig"; sourceTree = "<group>"; };
		49765CF6B96CCC03882FFAF3 /* Pods-UnitTestDemo.debug.xcconfig */ = {isa = PBXFileReference; includeInIndex = 1; lastKnownFileType = text.xcconfig; name = "Pods-UnitTestDemo.debug.xcconfig"; path = "Target Support Files/Pods-UnitTestDemo/Pods-UnitTestDemo.debug.xcconfig"; sourceTree = "<group>"; };
		5C596C951743F23515EAC59C /* Pods_UnitTestDemoUITests.framework */ = {isa = PBXFileReference; explicitFileType = wrapper.framework; includeInIndex = 0; path = Pods_UnitTestDemoUITests.framework; sourceTree = BUILT_PRODUCTS_DIR; };
		7D08A100318364864348BFC1 /* Pods-UnitTestDemo.release.xcconfig */ = {isa = PBXFileReference; includeInIndex = 1; lastKnownFileType = text.xcconfig; name = "Pods-UnitTestDemo.release.xcconfig"; path = "Target Support Files/Pods-UnitTestDemo/Pods-UnitTestDemo.release.xcconfig"; sourceTree = "<group>"; };
		833E6A18DF25BADD5640B8A3 /* Pods_UnitTestDemoTests.framework */ = {isa = PBXFileReference; explicitFileType = wrapper.framework; includeInIndex = 0; path = Pods_UnitTestDemoTests.framework; sourceTree = BUILT_PRODUCTS_DIR; };
		856FFD3189DF96AABD6295B1 /* Pods-UnitTestDemoTests.release.xcconfig */ = {isa = PBXFileReference; includeInIndex = 1; lastKnownFileType = text.xcconfig; name = "Pods-UnitTestDemoTests.release.xcconfig"; path = "Target Support Files/Pods-UnitTestDemoTests/Pods-UnitTestDemoTests.release.xcconfig"; sourceTree = "<group>"; };
		9E28C560BCCDDC551553A5FB /* Pods-UnitTestDemoUITests.debug.xcconfig */ = {isa = PBXFileReference; includeInIndex = 1; lastKnownFileType = text.xcconfig; name = "Pods-UnitTestDemoUITests.debug.xcconfig"; path = "Target Support Files/Pods-UnitTestDemoUITests/Pods-UnitTestDemoUITests.debug.xcconfig"; sourceTree = "<group>"; };
		A03DD3CBC482B16C7CAABF75 /* Pods_UnitTestDemo.framework */ = {isa = PBXFileReference; explicitFileType = wrapper.framework; includeInIndex = 0; path = Pods_UnitTestDemo.framework; sourceTree = BUILT_PRODUCTS_DIR; };
		ACA02D5E233B9421003D8B5A /* EmployeeListViewModel.swift */ = {isa = PBXFileReference; lastKnownFileType = sourcecode.swift; path = EmployeeListViewModel.swift; sourceTree = "<group>"; };
		ACBF6764233BA7F80050CC51 /* SceneDelegate.swift */ = {isa = PBXFileReference; fileEncoding = 4; lastKnownFileType = sourcecode.swift; path = SceneDelegate.swift; sourceTree = "<group>"; };
		ACC09626233B8F8B00E65E17 /* UnitTestDemo.app */ = {isa = PBXFileReference; explicitFileType = wrapper.application; includeInIndex = 0; path = UnitTestDemo.app; sourceTree = BUILT_PRODUCTS_DIR; };
		ACC09629233B8F8B00E65E17 /* AppDelegate.swift */ = {isa = PBXFileReference; lastKnownFileType = sourcecode.swift; path = AppDelegate.swift; sourceTree = "<group>"; };
		ACC0962D233B8F8B00E65E17 /* ViewController.swift */ = {isa = PBXFileReference; lastKnownFileType = sourcecode.swift; path = ViewController.swift; sourceTree = "<group>"; };
		ACC09630233B8F8B00E65E17 /* Base */ = {isa = PBXFileReference; lastKnownFileType = file.storyboard; name = Base; path = Base.lproj/Main.storyboard; sourceTree = "<group>"; };
		ACC09632233B8F8B00E65E17 /* Assets.xcassets */ = {isa = PBXFileReference; lastKnownFileType = folder.assetcatalog; path = Assets.xcassets; sourceTree = "<group>"; };
		ACC09635233B8F8B00E65E17 /* Base */ = {isa = PBXFileReference; lastKnownFileType = file.storyboard; name = Base; path = Base.lproj/LaunchScreen.storyboard; sourceTree = "<group>"; };
		ACC09637233B8F8B00E65E17 /* Info.plist */ = {isa = PBXFileReference; lastKnownFileType = text.plist.xml; path = Info.plist; sourceTree = "<group>"; };
		ACC0963C233B8F8B00E65E17 /* UnitTestDemoTests.xctest */ = {isa = PBXFileReference; explicitFileType = wrapper.cfbundle; includeInIndex = 0; path = UnitTestDemoTests.xctest; sourceTree = BUILT_PRODUCTS_DIR; };
		ACC09640233B8F8B00E65E17 /* UnitTestDemoTests.swift */ = {isa = PBXFileReference; lastKnownFileType = sourcecode.swift; path = UnitTestDemoTests.swift; sourceTree = "<group>"; };
		ACC09642233B8F8B00E65E17 /* Info.plist */ = {isa = PBXFileReference; lastKnownFileType = text.plist.xml; path = Info.plist; sourceTree = "<group>"; };
		ACC09647233B8F8B00E65E17 /* UnitTestDemoUITests.xctest */ = {isa = PBXFileReference; explicitFileType = wrapper.cfbundle; includeInIndex = 0; path = UnitTestDemoUITests.xctest; sourceTree = BUILT_PRODUCTS_DIR; };
		ACC0964B233B8F8B00E65E17 /* UnitTestDemoUITests.swift */ = {isa = PBXFileReference; lastKnownFileType = sourcecode.swift; path = UnitTestDemoUITests.swift; sourceTree = "<group>"; };
		ACC0964D233B8F8B00E65E17 /* Info.plist */ = {isa = PBXFileReference; lastKnownFileType = text.plist.xml; path = Info.plist; sourceTree = "<group>"; };
		ACC09659233B8FD400E65E17 /* EmployeeListViewController.swift */ = {isa = PBXFileReference; fileEncoding = 4; lastKnownFileType = sourcecode.swift; path = EmployeeListViewController.swift; sourceTree = "<group>"; };
		ACC0965B233B902800E65E17 /* HTTPClient.swift */ = {isa = PBXFileReference; fileEncoding = 4; lastKnownFileType = sourcecode.swift; path = HTTPClient.swift; sourceTree = "<group>"; };
		ACC0965D233B903E00E65E17 /* EmployeeCell.swift */ = {isa = PBXFileReference; fileEncoding = 4; lastKnownFileType = sourcecode.swift; path = EmployeeCell.swift; sourceTree = "<group>"; };
		ACC0965F233B905900E65E17 /* Employee.swift */ = {isa = PBXFileReference; fileEncoding = 4; lastKnownFileType = sourcecode.swift; path = Employee.swift; sourceTree = "<group>"; };
		ACC47425233B97D4003CF1C0 /* NetworkProvider.swift */ = {isa = PBXFileReference; lastKnownFileType = sourcecode.swift; path = NetworkProvider.swift; sourceTree = "<group>"; };
		F3BE2B2FF20186A52135D429 /* Pods-UnitTestDemoTests.debug.xcconfig */ = {isa = PBXFileReference; includeInIndex = 1; lastKnownFileType = text.xcconfig; name = "Pods-UnitTestDemoTests.debug.xcconfig"; path = "Target Support Files/Pods-UnitTestDemoTests/Pods-UnitTestDemoTests.debug.xcconfig"; sourceTree = "<group>"; };
/* End PBXFileReference section */

/* Begin PBXFrameworksBuildPhase section */
		ACC09623233B8F8B00E65E17 /* Frameworks */ = {
			isa = PBXFrameworksBuildPhase;
			buildActionMask = 2147483647;
			files = (
				4BBC2BB37823462FDA3D993D /* Pods_UnitTestDemo.framework in Frameworks */,
			);
			runOnlyForDeploymentPostprocessing = 0;
		};
		ACC09639233B8F8B00E65E17 /* Frameworks */ = {
			isa = PBXFrameworksBuildPhase;
			buildActionMask = 2147483647;
			files = (
				5449BCA4800DFA25B6901814 /* Pods_UnitTestDemoTests.framework in Frameworks */,
			);
			runOnlyForDeploymentPostprocessing = 0;
		};
		ACC09644233B8F8B00E65E17 /* Frameworks */ = {
			isa = PBXFrameworksBuildPhase;
			buildActionMask = 2147483647;
			files = (
				4F9B551F2CD1BA41ED707AC9 /* Pods_UnitTestDemoUITests.framework in Frameworks */,
			);
			runOnlyForDeploymentPostprocessing = 0;
		};
/* End PBXFrameworksBuildPhase section */

/* Begin PBXGroup section */
		ACC0961D233B8F8B00E65E17 = {
			isa = PBXGroup;
			children = (
				ACC09628233B8F8B00E65E17 /* UnitTestDemo */,
				ACC0963F233B8F8B00E65E17 /* UnitTestDemoTests */,
				ACC0964A233B8F8B00E65E17 /* UnitTestDemoUITests */,
				ACC09627233B8F8B00E65E17 /* Products */,
				D0760C6830222E604F9598B5 /* Pods */,
				D836A7195E5988870F0DADC3 /* Frameworks */,
			);
			sourceTree = "<group>";
		};
		ACC09627233B8F8B00E65E17 /* Products */ = {
			isa = PBXGroup;
			children = (
				ACC09626233B8F8B00E65E17 /* UnitTestDemo.app */,
				ACC0963C233B8F8B00E65E17 /* UnitTestDemoTests.xctest */,
				ACC09647233B8F8B00E65E17 /* UnitTestDemoUITests.xctest */,
			);
			name = Products;
			sourceTree = "<group>";
		};
		ACC09628233B8F8B00E65E17 /* UnitTestDemo */ = {
			isa = PBXGroup;
			children = (
				ACC09629233B8F8B00E65E17 /* AppDelegate.swift */,
				ACC0965F233B905900E65E17 /* Employee.swift */,
				ACC0962D233B8F8B00E65E17 /* ViewController.swift */,
				ACC0965D233B903E00E65E17 /* EmployeeCell.swift */,
				ACC09659233B8FD400E65E17 /* EmployeeListViewController.swift */,
				ACBF6764233BA7F80050CC51 /* SceneDelegate.swift */,
				ACA02D5E233B9421003D8B5A /* EmployeeListViewModel.swift */,
				ACC47425233B97D4003CF1C0 /* NetworkProvider.swift */,
				ACC0965B233B902800E65E17 /* HTTPClient.swift */,
				ACC0962F233B8F8B00E65E17 /* Main.storyboard */,
				ACC09632233B8F8B00E65E17 /* Assets.xcassets */,
				ACC09634233B8F8B00E65E17 /* LaunchScreen.storyboard */,
				ACC09637233B8F8B00E65E17 /* Info.plist */,
			);
			path = UnitTestDemo;
			sourceTree = "<group>";
		};
		ACC0963F233B8F8B00E65E17 /* UnitTestDemoTests */ = {
			isa = PBXGroup;
			children = (
				ACC09640233B8F8B00E65E17 /* UnitTestDemoTests.swift */,
				ACC09642233B8F8B00E65E17 /* Info.plist */,
			);
			path = UnitTestDemoTests;
			sourceTree = "<group>";
		};
		ACC0964A233B8F8B00E65E17 /* UnitTestDemoUITests */ = {
			isa = PBXGroup;
			children = (
				ACC0964B233B8F8B00E65E17 /* UnitTestDemoUITests.swift */,
				ACC0964D233B8F8B00E65E17 /* Info.plist */,
			);
			path = UnitTestDemoUITests;
			sourceTree = "<group>";
		};
		D0760C6830222E604F9598B5 /* Pods */ = {
			isa = PBXGroup;
			children = (
				49765CF6B96CCC03882FFAF3 /* Pods-UnitTestDemo.debug.xcconfig */,
				7D08A100318364864348BFC1 /* Pods-UnitTestDemo.release.xcconfig */,
				F3BE2B2FF20186A52135D429 /* Pods-UnitTestDemoTests.debug.xcconfig */,
				856FFD3189DF96AABD6295B1 /* Pods-UnitTestDemoTests.release.xcconfig */,
				9E28C560BCCDDC551553A5FB /* Pods-UnitTestDemoUITests.debug.xcconfig */,
				3CDA3FB9EE4B51A9D0CA3ED3 /* Pods-UnitTestDemoUITests.release.xcconfig */,
			);
			path = Pods;
			sourceTree = "<group>";
		};
		D836A7195E5988870F0DADC3 /* Frameworks */ = {
			isa = PBXGroup;
			children = (
				A03DD3CBC482B16C7CAABF75 /* Pods_UnitTestDemo.framework */,
				833E6A18DF25BADD5640B8A3 /* Pods_UnitTestDemoTests.framework */,
				5C596C951743F23515EAC59C /* Pods_UnitTestDemoUITests.framework */,
			);
			name = Frameworks;
			sourceTree = "<group>";
		};
/* End PBXGroup section */

/* Begin PBXNativeTarget section */
		ACC09625233B8F8B00E65E17 /* UnitTestDemo */ = {
			isa = PBXNativeTarget;
			buildConfigurationList = ACC09650233B8F8B00E65E17 /* Build configuration list for PBXNativeTarget "UnitTestDemo" */;
			buildPhases = (
				40E2A366BDEA42EC216B547E /* [CP] Check Pods Manifest.lock */,
				ACC09622233B8F8B00E65E17 /* Sources */,
				ACC09623233B8F8B00E65E17 /* Frameworks */,
				ACC09624233B8F8B00E65E17 /* Resources */,
				0A50BD28F5A371F663FAB57A /* [CP] Embed Pods Frameworks */,
			);
			buildRules = (
			);
			dependencies = (
			);
			name = UnitTestDemo;
			productName = UnitTestDemo;
			productReference = ACC09626233B8F8B00E65E17 /* UnitTestDemo.app */;
			productType = "com.apple.product-type.application";
		};
		ACC0963B233B8F8B00E65E17 /* UnitTestDemoTests */ = {
			isa = PBXNativeTarget;
			buildConfigurationList = ACC09653233B8F8B00E65E17 /* Build configuration list for PBXNativeTarget "UnitTestDemoTests" */;
			buildPhases = (
				167B9DC064283E7C445E253C /* [CP] Check Pods Manifest.lock */,
				ACC09638233B8F8B00E65E17 /* Sources */,
				ACC09639233B8F8B00E65E17 /* Frameworks */,
				ACC0963A233B8F8B00E65E17 /* Resources */,
			);
			buildRules = (
			);
			dependencies = (
				ACC0963E233B8F8B00E65E17 /* PBXTargetDependency */,
			);
			name = UnitTestDemoTests;
			productName = UnitTestDemoTests;
			productReference = ACC0963C233B8F8B00E65E17 /* UnitTestDemoTests.xctest */;
			productType = "com.apple.product-type.bundle.unit-test";
		};
		ACC09646233B8F8B00E65E17 /* UnitTestDemoUITests */ = {
			isa = PBXNativeTarget;
			buildConfigurationList = ACC09656233B8F8B00E65E17 /* Build configuration list for PBXNativeTarget "UnitTestDemoUITests" */;
			buildPhases = (
				25E441FB51F7D36AC842EB94 /* [CP] Check Pods Manifest.lock */,
				ACC09643233B8F8B00E65E17 /* Sources */,
				ACC09644233B8F8B00E65E17 /* Frameworks */,
				ACC09645233B8F8B00E65E17 /* Resources */,
			);
			buildRules = (
			);
			dependencies = (
				ACC09649233B8F8B00E65E17 /* PBXTargetDependency */,
			);
			name = UnitTestDemoUITests;
			productName = UnitTestDemoUITests;
			productReference = ACC09647233B8F8B00E65E17 /* UnitTestDemoUITests.xctest */;
			productType = "com.apple.product-type.bundle.ui-testing";
		};
/* End PBXNativeTarget section */

/* Begin PBXProject section */
		ACC0961E233B8F8B00E65E17 /* Project object */ = {
			isa = PBXProject;
			attributes = {
				LastSwiftUpdateCheck = 1100;
				LastUpgradeCheck = 1100;
				ORGANIZATIONNAME = "Atul Kumar Tiwari-MBP";
				TargetAttributes = {
					ACC09625233B8F8B00E65E17 = {
						CreatedOnToolsVersion = 11.0;
					};
					ACC0963B233B8F8B00E65E17 = {
						CreatedOnToolsVersion = 11.0;
						TestTargetID = ACC09625233B8F8B00E65E17;
					};
					ACC09646233B8F8B00E65E17 = {
						CreatedOnToolsVersion = 11.0;
						TestTargetID = ACC09625233B8F8B00E65E17;
					};
				};
			};
			buildConfigurationList = ACC09621233B8F8B00E65E17 /* Build configuration list for PBXProject "UnitTestDemo" */;
			compatibilityVersion = "Xcode 9.3";
			developmentRegion = en;
			hasScannedForEncodings = 0;
			knownRegions = (
				en,
				Base,
			);
			mainGroup = ACC0961D233B8F8B00E65E17;
			productRefGroup = ACC09627233B8F8B00E65E17 /* Products */;
			projectDirPath = "";
			projectRoot = "";
			targets = (
				ACC09625233B8F8B00E65E17 /* UnitTestDemo */,
				ACC0963B233B8F8B00E65E17 /* UnitTestDemoTests */,
				ACC09646233B8F8B00E65E17 /* UnitTestDemoUITests */,
			);
		};
/* End PBXProject section */

/* Begin PBXResourcesBuildPhase section */
		ACC09624233B8F8B00E65E17 /* Resources */ = {
			isa = PBXResourcesBuildPhase;
			buildActionMask = 2147483647;
			files = (
				ACC09636233B8F8B00E65E17 /* LaunchScreen.storyboard in Resources */,
				ACC09633233B8F8B00E65E17 /* Assets.xcassets in Resources */,
				ACC09631233B8F8B00E65E17 /* Main.storyboard in Resources */,
			);
			runOnlyForDeploymentPostprocessing = 0;
		};
		ACC0963A233B8F8B00E65E17 /* Resources */ = {
			isa = PBXResourcesBuildPhase;
			buildActionMask = 2147483647;
			files = (
			);
			runOnlyForDeploymentPostprocessing = 0;
		};
		ACC09645233B8F8B00E65E17 /* Resources */ = {
			isa = PBXResourcesBuildPhase;
			buildActionMask = 2147483647;
			files = (
			);
			runOnlyForDeploymentPostprocessing = 0;
		};
/* End PBXResourcesBuildPhase section */

/* Begin PBXShellScriptBuildPhase section */
		0A50BD28F5A371F663FAB57A /* [CP] Embed Pods Frameworks */ = {
			isa = PBXShellScriptBuildPhase;
			buildActionMask = 2147483647;
			files = (
			);
			inputFileListPaths = (
				"${PODS_ROOT}/Target Support Files/Pods-UnitTestDemo/Pods-UnitTestDemo-frameworks-${CONFIGURATION}-input-files.xcfilelist",
			);
			name = "[CP] Embed Pods Frameworks";
			outputFileListPaths = (
				"${PODS_ROOT}/Target Support Files/Pods-UnitTestDemo/Pods-UnitTestDemo-frameworks-${CONFIGURATION}-output-files.xcfilelist",
			);
			runOnlyForDeploymentPostprocessing = 0;
			shellPath = /bin/sh;
			shellScript = "\"${PODS_ROOT}/Target Support Files/Pods-UnitTestDemo/Pods-UnitTestDemo-frameworks.sh\"\n";
			showEnvVarsInLog = 0;
		};
		167B9DC064283E7C445E253C /* [CP] Check Pods Manifest.lock */ = {
			isa = PBXShellScriptBuildPhase;
			buildActionMask = 2147483647;
			files = (
			);
			inputFileListPaths = (
			);
			inputPaths = (
				"${PODS_PODFILE_DIR_PATH}/Podfile.lock",
				"${PODS_ROOT}/Manifest.lock",
			);
			name = "[CP] Check Pods Manifest.lock";
			outputFileListPaths = (
			);
			outputPaths = (
				"$(DERIVED_FILE_DIR)/Pods-UnitTestDemoTests-checkManifestLockResult.txt",
			);
			runOnlyForDeploymentPostprocessing = 0;
			shellPath = /bin/sh;
			shellScript = "diff \"${PODS_PODFILE_DIR_PATH}/Podfile.lock\" \"${PODS_ROOT}/Manifest.lock\" > /dev/null\nif [ $? != 0 ] ; then\n    # print error to STDERR\n    echo \"error: The sandbox is not in sync with the Podfile.lock. Run 'pod install' or update your CocoaPods installation.\" >&2\n    exit 1\nfi\n# This output is used by Xcode 'outputs' to avoid re-running this script phase.\necho \"SUCCESS\" > \"${SCRIPT_OUTPUT_FILE_0}\"\n";
			showEnvVarsInLog = 0;
		};
		25E441FB51F7D36AC842EB94 /* [CP] Check Pods Manifest.lock */ = {
			isa = PBXShellScriptBuildPhase;
			buildActionMask = 2147483647;
			files = (
			);
			inputFileListPaths = (
			);
			inputPaths = (
				"${PODS_PODFILE_DIR_PATH}/Podfile.lock",
				"${PODS_ROOT}/Manifest.lock",
			);
			name = "[CP] Check Pods Manifest.lock";
			outputFileListPaths = (
			);
			outputPaths = (
				"$(DERIVED_FILE_DIR)/Pods-UnitTestDemoUITests-checkManifestLockResult.txt",
			);
			runOnlyForDeploymentPostprocessing = 0;
			shellPath = /bin/sh;
			shellScript = "diff \"${PODS_PODFILE_DIR_PATH}/Podfile.lock\" \"${PODS_ROOT}/Manifest.lock\" > /dev/null\nif [ $? != 0 ] ; then\n    # print error to STDERR\n    echo \"error: The sandbox is not in sync with the Podfile.lock. Run 'pod install' or update your CocoaPods installation.\" >&2\n    exit 1\nfi\n# This output is used by Xcode 'outputs' to avoid re-running this script phase.\necho \"SUCCESS\" > \"${SCRIPT_OUTPUT_FILE_0}\"\n";
			showEnvVarsInLog = 0;
		};
		40E2A366BDEA42EC216B547E /* [CP] Check Pods Manifest.lock */ = {
			isa = PBXShellScriptBuildPhase;
			buildActionMask = 2147483647;
			files = (
			);
			inputFileListPaths = (
			);
			inputPaths = (
				"${PODS_PODFILE_DIR_PATH}/Podfile.lock",
				"${PODS_ROOT}/Manifest.lock",
			);
			name = "[CP] Check Pods Manifest.lock";
			outputFileListPaths = (
			);
			outputPaths = (
				"$(DERIVED_FILE_DIR)/Pods-UnitTestDemo-checkManifestLockResult.txt",
			);
			runOnlyForDeploymentPostprocessing = 0;
			shellPath = /bin/sh;
			shellScript = "diff \"${PODS_PODFILE_DIR_PATH}/Podfile.lock\" \"${PODS_ROOT}/Manifest.lock\" > /dev/null\nif [ $? != 0 ] ; then\n    # print error to STDERR\n    echo \"error: The sandbox is not in sync with the Podfile.lock. Run 'pod install' or update your CocoaPods installation.\" >&2\n    exit 1\nfi\n# This output is used by Xcode 'outputs' to avoid re-running this script phase.\necho \"SUCCESS\" > \"${SCRIPT_OUTPUT_FILE_0}\"\n";
			showEnvVarsInLog = 0;
		};
/* End PBXShellScriptBuildPhase section */

/* Begin PBXSourcesBuildPhase section */
		ACC09622233B8F8B00E65E17 /* Sources */ = {
			isa = PBXSourcesBuildPhase;
			buildActionMask = 2147483647;
			files = (
				ACC0965A233B8FD400E65E17 /* EmployeeListViewController.swift in Sources */,
				ACC0965C233B902800E65E17 /* HTTPClient.swift in Sources */,
				ACBF6765233BA7F80050CC51 /* SceneDelegate.swift in Sources */,
				ACC47426233B97D4003CF1C0 /* NetworkProvider.swift in Sources */,
				ACC0962E233B8F8B00E65E17 /* ViewController.swift in Sources */,
				ACC09660233B905900E65E17 /* Employee.swift in Sources */,
				ACC0965E233B903E00E65E17 /* EmployeeCell.swift in Sources */,
				ACC0962A233B8F8B00E65E17 /* AppDelegate.swift in Sources */,
				ACA02D5F233B9421003D8B5A /* EmployeeListViewModel.swift in Sources */,
			);
			runOnlyForDeploymentPostprocessing = 0;
		};
		ACC09638233B8F8B00E65E17 /* Sources */ = {
			isa = PBXSourcesBuildPhase;
			buildActionMask = 2147483647;
			files = (
				ACC09641233B8F8B00E65E17 /* UnitTestDemoTests.swift in Sources */,
			);
			runOnlyForDeploymentPostprocessing = 0;
		};
		ACC09643233B8F8B00E65E17 /* Sources */ = {
			isa = PBXSourcesBuildPhase;
			buildActionMask = 2147483647;
			files = (
				ACC0964C233B8F8B00E65E17 /* UnitTestDemoUITests.swift in Sources */,
			);
			runOnlyForDeploymentPostprocessing = 0;
		};
/* End PBXSourcesBuildPhase section */

/* Begin PBXTargetDependency section */
		ACC0963E233B8F8B00E65E17 /* PBXTargetDependency */ = {
			isa = PBXTargetDependency;
			target = ACC09625233B8F8B00E65E17 /* UnitTestDemo */;
			targetProxy = ACC0963D233B8F8B00E65E17 /* PBXContainerItemProxy */;
		};
		ACC09649233B8F8B00E65E17 /* PBXTargetDependency */ = {
			isa = PBXTargetDependency;
			target = ACC09625233B8F8B00E65E17 /* UnitTestDemo */;
			targetProxy = ACC09648233B8F8B00E65E17 /* PBXContainerItemProxy */;
		};
/* End PBXTargetDependency section */

/* Begin PBXVariantGroup section */
		ACC0962F233B8F8B00E65E17 /* Main.storyboard */ = {
			isa = PBXVariantGroup;
			children = (
				ACC09630233B8F8B00E65E17 /* Base */,
			);
			name = Main.storyboard;
			sourceTree = "<group>";
		};
		ACC09634233B8F8B00E65E17 /* LaunchScreen.storyboard */ = {
			isa = PBXVariantGroup;
			children = (
				ACC09635233B8F8B00E65E17 /* Base */,
			);
			name = LaunchScreen.storyboard;
			sourceTree = "<group>";
		};
/* End PBXVariantGroup section */

/* Begin XCBuildConfiguration section */
		ACC0964E233B8F8B00E65E17 /* Debug */ = {
			isa = XCBuildConfiguration;
			buildSettings = {
				ALWAYS_SEARCH_USER_PATHS = NO;
				CLANG_ANALYZER_NONNULL = YES;
				CLANG_ANALYZER_NUMBER_OBJECT_CONVERSION = YES_AGGRESSIVE;
				CLANG_CXX_LANGUAGE_STANDARD = "gnu++14";
				CLANG_CXX_LIBRARY = "libc++";
				CLANG_ENABLE_MODULES = YES;
				CLANG_ENABLE_OBJC_ARC = YES;
				CLANG_ENABLE_OBJC_WEAK = YES;
				CLANG_WARN_BLOCK_CAPTURE_AUTORELEASING = YES;
				CLANG_WARN_BOOL_CONVERSION = YES;
				CLANG_WARN_COMMA = YES;
				CLANG_WARN_CONSTANT_CONVERSION = YES;
				CLANG_WARN_DEPRECATED_OBJC_IMPLEMENTATIONS = YES;
				CLANG_WARN_DIRECT_OBJC_ISA_USAGE = YES_ERROR;
				CLANG_WARN_DOCUMENTATION_COMMENTS = YES;
				CLANG_WARN_EMPTY_BODY = YES;
				CLANG_WARN_ENUM_CONVERSION = YES;
				CLANG_WARN_INFINITE_RECURSION = YES;
				CLANG_WARN_INT_CONVERSION = YES;
				CLANG_WARN_NON_LITERAL_NULL_CONVERSION = YES;
				CLANG_WARN_OBJC_IMPLICIT_RETAIN_SELF = YES;
				CLANG_WARN_OBJC_LITERAL_CONVERSION = YES;
				CLANG_WARN_OBJC_ROOT_CLASS = YES_ERROR;
				CLANG_WARN_RANGE_LOOP_ANALYSIS = YES;
				CLANG_WARN_STRICT_PROTOTYPES = YES;
				CLANG_WARN_SUSPICIOUS_MOVE = YES;
				CLANG_WARN_UNGUARDED_AVAILABILITY = YES_AGGRESSIVE;
				CLANG_WARN_UNREACHABLE_CODE = YES;
				CLANG_WARN__DUPLICATE_METHOD_MATCH = YES;
				COPY_PHASE_STRIP = NO;
				DEBUG_INFORMATION_FORMAT = dwarf;
				ENABLE_STRICT_OBJC_MSGSEND = YES;
				ENABLE_TESTABILITY = YES;
				GCC_C_LANGUAGE_STANDARD = gnu11;
				GCC_DYNAMIC_NO_PIC = NO;
				GCC_NO_COMMON_BLOCKS = YES;
				GCC_OPTIMIZATION_LEVEL = 0;
				GCC_PREPROCESSOR_DEFINITIONS = (
					"DEBUG=1",
					"$(inherited)",
				);
				GCC_WARN_64_TO_32_BIT_CONVERSION = YES;
				GCC_WARN_ABOUT_RETURN_TYPE = YES_ERROR;
				GCC_WARN_UNDECLARED_SELECTOR = YES;
				GCC_WARN_UNINITIALIZED_AUTOS = YES_AGGRESSIVE;
				GCC_WARN_UNUSED_FUNCTION = YES;
				GCC_WARN_UNUSED_VARIABLE = YES;
				IPHONEOS_DEPLOYMENT_TARGET = 13.0;
				MTL_ENABLE_DEBUG_INFO = INCLUDE_SOURCE;
				MTL_FAST_MATH = YES;
				ONLY_ACTIVE_ARCH = YES;
				SDKROOT = iphoneos;
				SWIFT_ACTIVE_COMPILATION_CONDITIONS = DEBUG;
				SWIFT_OPTIMIZATION_LEVEL = "-Onone";
			};
			name = Debug;
		};
		ACC0964F233B8F8B00E65E17 /* Release */ = {
			isa = XCBuildConfiguration;
			buildSettings = {
				ALWAYS_SEARCH_USER_PATHS = NO;
				CLANG_ANALYZER_NONNULL = YES;
				CLANG_ANALYZER_NUMBER_OBJECT_CONVERSION = YES_AGGRESSIVE;
				CLANG_CXX_LANGUAGE_STANDARD = "gnu++14";
				CLANG_CXX_LIBRARY = "libc++";
				CLANG_ENABLE_MODULES = YES;
				CLANG_ENABLE_OBJC_ARC = YES;
				CLANG_ENABLE_OBJC_WEAK = YES;
				CLANG_WARN_BLOCK_CAPTURE_AUTORELEASING = YES;
				CLANG_WARN_BOOL_CONVERSION = YES;
				CLANG_WARN_COMMA = YES;
				CLANG_WARN_CONSTANT_CONVERSION = YES;
				CLANG_WARN_DEPRECATED_OBJC_IMPLEMENTATIONS = YES;
				CLANG_WARN_DIRECT_OBJC_ISA_USAGE = YES_ERROR;
				CLANG_WARN_DOCUMENTATION_COMMENTS = YES;
				CLANG_WARN_EMPTY_BODY = YES;
				CLANG_WARN_ENUM_CONVERSION = YES;
				CLANG_WARN_INFINITE_RECURSION = YES;
				CLANG_WARN_INT_CONVERSION = YES;
				CLANG_WARN_NON_LITERAL_NULL_CONVERSION = YES;
				CLANG_WARN_OBJC_IMPLICIT_RETAIN_SELF = YES;
				CLANG_WARN_OBJC_LITERAL_CONVERSION = YES;
				CLANG_WARN_OBJC_ROOT_CLASS = YES_ERROR;
				CLANG_WARN_RANGE_LOOP_ANALYSIS = YES;
				CLANG_WARN_STRICT_PROTOTYPES = YES;
				CLANG_WARN_SUSPICIOUS_MOVE = YES;
				CLANG_WARN_UNGUARDED_AVAILABILITY = YES_AGGRESSIVE;
				CLANG_WARN_UNREACHABLE_CODE = YES;
				CLANG_WARN__DUPLICATE_METHOD_MATCH = YES;
				COPY_PHASE_STRIP = NO;
				DEBUG_INFORMATION_FORMAT = "dwarf-with-dsym";
				ENABLE_NS_ASSERTIONS = NO;
				ENABLE_STRICT_OBJC_MSGSEND = YES;
				GCC_C_LANGUAGE_STANDARD = gnu11;
				GCC_NO_COMMON_BLOCKS = YES;
				GCC_WARN_64_TO_32_BIT_CONVERSION = YES;
				GCC_WARN_ABOUT_RETURN_TYPE = YES_ERROR;
				GCC_WARN_UNDECLARED_SELECTOR = YES;
				GCC_WARN_UNINITIALIZED_AUTOS = YES_AGGRESSIVE;
				GCC_WARN_UNUSED_FUNCTION = YES;
				GCC_WARN_UNUSED_VARIABLE = YES;
				IPHONEOS_DEPLOYMENT_TARGET = 13.0;
				MTL_ENABLE_DEBUG_INFO = NO;
				MTL_FAST_MATH = YES;
				SDKROOT = iphoneos;
				SWIFT_COMPILATION_MODE = wholemodule;
				SWIFT_OPTIMIZATION_LEVEL = "-O";
				VALIDATE_PRODUCT = YES;
			};
			name = Release;
		};
		ACC09651233B8F8B00E65E17 /* Debug */ = {
			isa = XCBuildConfiguration;
			baseConfigurationReference = 49765CF6B96CCC03882FFAF3 /* Pods-UnitTestDemo.debug.xcconfig */;
			buildSettings = {
				ASSETCATALOG_COMPILER_APPICON_NAME = AppIcon;
				CODE_SIGN_STYLE = Automatic;
				INFOPLIST_FILE = UnitTestDemo/Info.plist;
				IPHONEOS_DEPLOYMENT_TARGET = 13.0;
				LD_RUNPATH_SEARCH_PATHS = (
					"$(inherited)",
					"@executable_path/Frameworks",
				);
				PRODUCT_BUNDLE_IDENTIFIER = Tokopedia.UnitTestDemo;
				PRODUCT_NAME = "$(TARGET_NAME)";
				SWIFT_VERSION = 5.0;
				TARGETED_DEVICE_FAMILY = "1,2";
			};
			name = Debug;
		};
		ACC09652233B8F8B00E65E17 /* Release */ = {
			isa = XCBuildConfiguration;
			baseConfigurationReference = 7D08A100318364864348BFC1 /* Pods-UnitTestDemo.release.xcconfig */;
			buildSettings = {
				ASSETCATALOG_COMPILER_APPICON_NAME = AppIcon;
				CODE_SIGN_STYLE = Automatic;
				INFOPLIST_FILE = UnitTestDemo/Info.plist;
				IPHONEOS_DEPLOYMENT_TARGET = 13.0;
				LD_RUNPATH_SEARCH_PATHS = (
					"$(inherited)",
					"@executable_path/Frameworks",
				);
				PRODUCT_BUNDLE_IDENTIFIER = Tokopedia.UnitTestDemo;
				PRODUCT_NAME = "$(TARGET_NAME)";
				SWIFT_VERSION = 5.0;
				TARGETED_DEVICE_FAMILY = "1,2";
			};
			name = Release;
		};
		ACC09654233B8F8B00E65E17 /* Debug */ = {
			isa = XCBuildConfiguration;
			baseConfigurationReference = F3BE2B2FF20186A52135D429 /* Pods-UnitTestDemoTests.debug.xcconfig */;
			buildSettings = {
				ALWAYS_EMBED_SWIFT_STANDARD_LIBRARIES = YES;
				BUNDLE_LOADER = "$(TEST_HOST)";
				CODE_SIGN_STYLE = Automatic;
				INFOPLIST_FILE = UnitTestDemoTests/Info.plist;
				IPHONEOS_DEPLOYMENT_TARGET = 13.0;
				LD_RUNPATH_SEARCH_PATHS = (
					"$(inherited)",
					"@executable_path/Frameworks",
					"@loader_path/Frameworks",
				);
				PRODUCT_BUNDLE_IDENTIFIER = Tokopedia.UnitTestDemoTests;
				PRODUCT_NAME = "$(TARGET_NAME)";
				SWIFT_VERSION = 5.0;
				TARGETED_DEVICE_FAMILY = "1,2";
				TEST_HOST = "$(BUILT_PRODUCTS_DIR)/UnitTestDemo.app/UnitTestDemo";
			};
			name = Debug;
		};
		ACC09655233B8F8B00E65E17 /* Release */ = {
			isa = XCBuildConfiguration;
			baseConfigurationReference = 856FFD3189DF96AABD6295B1 /* Pods-UnitTestDemoTests.release.xcconfig */;
			buildSettings = {
				ALWAYS_EMBED_SWIFT_STANDARD_LIBRARIES = YES;
				BUNDLE_LOADER = "$(TEST_HOST)";
				CODE_SIGN_STYLE = Automatic;
				INFOPLIST_FILE = UnitTestDemoTests/Info.plist;
				IPHONEOS_DEPLOYMENT_TARGET = 13.0;
				LD_RUNPATH_SEARCH_PATHS = (
					"$(inherited)",
					"@executable_path/Frameworks",
					"@loader_path/Frameworks",
				);
				PRODUCT_BUNDLE_IDENTIFIER = Tokopedia.UnitTestDemoTests;
				PRODUCT_NAME = "$(TARGET_NAME)";
				SWIFT_VERSION = 5.0;
				TARGETED_DEVICE_FAMILY = "1,2";
				TEST_HOST = "$(BUILT_PRODUCTS_DIR)/UnitTestDemo.app/UnitTestDemo";
			};
			name = Release;
		};
		ACC09657233B8F8B00E65E17 /* Debug */ = {
			isa = XCBuildConfiguration;
			baseConfigurationReference = 9E28C560BCCDDC551553A5FB /* Pods-UnitTestDemoUITests.debug.xcconfig */;
			buildSettings = {
				ALWAYS_EMBED_SWIFT_STANDARD_LIBRARIES = YES;
				CODE_SIGN_STYLE = Automatic;
				INFOPLIST_FILE = UnitTestDemoUITests/Info.plist;
				LD_RUNPATH_SEARCH_PATHS = (
					"$(inherited)",
					"@executable_path/Frameworks",
					"@loader_path/Frameworks",
				);
				PRODUCT_BUNDLE_IDENTIFIER = Tokopedia.UnitTestDemoUITests;
				PRODUCT_NAME = "$(TARGET_NAME)";
				SWIFT_VERSION = 5.0;
				TARGETED_DEVICE_FAMILY = "1,2";
				TEST_TARGET_NAME = UnitTestDemo;
			};
			name = Debug;
		};
		ACC09658233B8F8B00E65E17 /* Release */ = {
			isa = XCBuildConfiguration;
			baseConfigurationReference = 3CDA3FB9EE4B51A9D0CA3ED3 /* Pods-UnitTestDemoUITests.release.xcconfig */;
			buildSettings = {
				ALWAYS_EMBED_SWIFT_STANDARD_LIBRARIES = YES;
				CODE_SIGN_STYLE = Automatic;
				INFOPLIST_FILE = UnitTestDemoUITests/Info.plist;
				LD_RUNPATH_SEARCH_PATHS = (
					"$(inherited)",
					"@executable_path/Frameworks",
					"@loader_path/Frameworks",
				);
				PRODUCT_BUNDLE_IDENTIFIER = Tokopedia.UnitTestDemoUITests;
				PRODUCT_NAME = "$(TARGET_NAME)";
				SWIFT_VERSION = 5.0;
				TARGETED_DEVICE_FAMILY = "1,2";
				TEST_TARGET_NAME = UnitTestDemo;
			};
			name = Release;
		};
/* End XCBuildConfiguration section */

/* Begin XCConfigurationList section */
		ACC09621233B8F8B00E65E17 /* Build configuration list for PBXProject "UnitTestDemo" */ = {
			isa = XCConfigurationList;
			buildConfigurations = (
				ACC0964E233B8F8B00E65E17 /* Debug */,
				ACC0964F233B8F8B00E65E17 /* Release */,
			);
			defaultConfigurationIsVisible = 0;
			defaultConfigurationName = Release;
		};
		ACC09650233B8F8B00E65E17 /* Build configuration list for PBXNativeTarget "UnitTestDemo" */ = {
			isa = XCConfigurationList;
			buildConfigurations = (
				ACC09651233B8F8B00E65E17 /* Debug */,
				ACC09652233B8F8B00E65E17 /* Release */,
			);
			defaultConfigurationIsVisible = 0;
			defaultConfigurationName = Release;
		};
		ACC09653233B8F8B00E65E17 /* Build configuration list for PBXNativeTarget "UnitTestDemoTests" */ = {
			isa = XCConfigurationList;
			buildConfigurations = (
				ACC09654233B8F8B00E65E17 /* Debug */,
				ACC09655233B8F8B00E65E17 /* Release */,
			);
			defaultConfigurationIsVisible = 0;
			defaultConfigurationName = Release;
		};
		ACC09656233B8F8B00E65E17 /* Build configuration list for PBXNativeTarget "UnitTestDemoUITests" */ = {
			isa = XCConfigurationList;
			buildConfigurations = (
				ACC09657233B8F8B00E65E17 /* Debug */,
				ACC09658233B8F8B00E65E17 /* Release */,
			);
			defaultConfigurationIsVisible = 0;
			defaultConfigurationName = Release;
		};
/* End XCConfigurationList section */
	};
	rootObject = ACC0961E233B8F8B00E65E17 /* Project object */;
}
