// !$*UTF8*$!
{
	archiveVersion = 1;
	classes = {
	};
	objectVersion = 50;
	objects = {

/* Begin PBXBuildFile section */
		ACC0962A233B8F8B00E65E17 /* AppDelegate.swift in Sources */ = {isa = PBXBuildFile; fileRef = ACC09629233B8F8B00E65E17 /* AppDelegate.swift */; };
		ACC0962C233B8F8B00E65E17 /* SceneDelegate.swift in Sources */ = {isa = PBXBuildFile; fileRef = ACC0962B233B8F8B00E65E17 /* SceneDelegate.swift */; };
		ACC0962E233B8F8B00E65E17 /* ViewController.swift in Sources */ = {isa = PBXBuildFile; fileRef = ACC0962D233B8F8B00E65E17 /* ViewController.swift */; };
		ACC09631233B8F8B00E65E17 /* Main.storyboard in Resources */ = {isa = PBXBuildFile; fileRef = ACC0962F233B8F8B00E65E17 /* Main.storyboard */; };
		ACC09633233B8F8B00E65E17 /* Assets.xcassets in Resources */ = {isa = PBXBuildFile; fileRef = ACC09632233B8F8B00E65E17 /* Assets.xcassets */; };
		ACC09636233B8F8B00E65E17 /* LaunchScreen.storyboard in Resources */ = {isa = PBXBuildFile; fileRef = ACC09634233B8F8B00E65E17 /* LaunchScreen.storyboard */; };
		ACC09641233B8F8B00E65E17 /* UnitTestDemoTests.swift in Sources */ = {isa = PBXBuildFile; fileRef = ACC09640233B8F8B00E65E17 /* UnitTestDemoTests.swift */; };
		ACC0964C233B8F8B00E65E17 /* UnitTestDemoUITests.swift in Sources */ = {isa = PBXBuildFile; fileRef = ACC0964B233B8F8B00E65E17 /* UnitTestDemoUITests.swift */; };
/* End PBXBuildFile section */

/* Begin PBXContainerItemProxy section */
		ACC0963D233B8F8B00E65E17 /* PBXContainerItemProxy */ = {
			isa = PBXContainerItemProxy;
			containerPortal = ACC0961E233B8F8B00E65E17 /* Project object */;
			proxyType = 1;
			remoteGlobalIDString = ACC09625233B8F8B00E65E17;
			remoteInfo = UnitTestDemo;
		};
		ACC09648233B8F8B00E65E17 /* PBXContainerItemProxy */ = {
			isa = PBXContainerItemProxy;
			containerPortal = ACC0961E233B8F8B00E65E17 /* Project object */;
			proxyType = 1;
			remoteGlobalIDString = ACC09625233B8F8B00E65E17;
			remoteInfo = UnitTestDemo;
		};
/* End PBXContainerItemProxy section */

/* Begin PBXFileReference section */
		ACC09626233B8F8B00E65E17 /* UnitTestDemo.app */ = {isa = PBXFileReference; explicitFileType = wrapper.application; includeInIndex = 0; path = UnitTestDemo.app; sourceTree = BUILT_PRODUCTS_DIR; };
		ACC09629233B8F8B00E65E17 /* AppDelegate.swift */ = {isa = PBXFileReference; lastKnownFileType = sourcecode.swift; path = AppDelegate.swift; sourceTree = "<group>"; };
		ACC0962B233B8F8B00E65E17 /* SceneDelegate.swift */ = {isa = PBXFileReference; lastKnownFileType = sourcecode.swift; path = SceneDelegate.swift; sourceTree = "<group>"; };
		ACC0962D233B8F8B00E65E17 /* ViewController.swift */ = {isa = PBXFileReference; lastKnownFileType = sourcecode.swift; path = ViewController.swift; sourceTree = "<group>"; };
		ACC09630233B8F8B00E65E17 /* Base */ = {isa = PBXFileReference; lastKnownFileType = file.storyboard; name = Base; path = Base.lproj/Main.storyboard; sourceTree = "<group>"; };
		ACC09632233B8F8B00E65E17 /* Assets.xcassets */ = {isa = PBXFileReference; lastKnownFileType = folder.assetcatalog; path = Assets.xcassets; sourceTree = "<group>"; };
		ACC09635233B8F8B00E65E17 /* Base */ = {isa = PBXFileReference; lastKnownFileType = file.storyboard; name = Base; path = Base.lproj/LaunchScreen.storyboard; sourceTree = "<group>"; };
		ACC09637233B8F8B00E65E17 /* Info.plist */ = {isa = PBXFileReference; lastKnownFileType = text.plist.xml; path = Info.plist; sourceTree = "<group>"; };
		ACC0963C233B8F8B00E65E17 /* UnitTestDemoTests.xctest */ = {isa = PBXFileReference; explicitFileType = wrapper.cfbundle; includeInIndex = 0; path = UnitTestDemoTests.xctest; sourceTree = BUILT_PRODUCTS_DIR; };
		ACC09640233B8F8B00E65E17 /* UnitTestDemoTests.swift */ = {isa = PBXFileReference; lastKnownFileType = sourcecode.swift; path = UnitTestDemoTests.swift; sourceTree = "<group>"; };
		ACC09642233B8F8B00E65E17 /* Info.plist */ = {isa = PBXFileReference; lastKnownFileType = text.plist.xml; path = Info.plist; sourceTree = "<group>"; };
		ACC09647233B8F8B00E65E17 /* UnitTestDemoUITests.xctest */ = {isa = PBXFileReference; explicitFileType = wrapper.cfbundle; includeInIndex = 0; path = UnitTestDemoUITests.xctest; sourceTree = BUILT_PRODUCTS_DIR; };
		ACC0964B233B8F8B00E65E17 /* UnitTestDemoUITests.swift */ = {isa = PBXFileReference; lastKnownFileType = sourcecode.swift; path = UnitTestDemoUITests.swift; sourceTree = "<group>"; };
		ACC0964D233B8F8B00E65E17 /* Info.plist */ = {isa = PBXFileReference; lastKnownFileType = text.plist.xml; path = Info.plist; sourceTree = "<group>"; };
/* End PBXFileReference section */

/* Begin PBXFrameworksBuildPhase section */
		ACC09623233B8F8B00E65E17 /* Frameworks */ = {
			isa = PBXFrameworksBuildPhase;
			buildActionMask = 2147483647;
			files = (
			);
			runOnlyForDeploymentPostprocessing = 0;
		};
		ACC09639233B8F8B00E65E17 /* Frameworks */ = {
			isa = PBXFrameworksBuildPhase;
			buildActionMask = 2147483647;
			files = (
			);
			runOnlyForDeploymentPostprocessing = 0;
		};
		ACC09644233B8F8B00E65E17 /* Frameworks */ = {
			isa = PBXFrameworksBuildPhase;
			buildActionMask = 2147483647;
			files = (
			);
			runOnlyForDeploymentPostprocessing = 0;
		};
/* End PBXFrameworksBuildPhase section */

/* Begin PBXGroup section */
		ACC0961D233B8F8B00E65E17 = {
			isa = PBXGroup;
			children = (
				ACC09628233B8F8B00E65E17 /* UnitTestDemo */,
				ACC0963F233B8F8B00E65E17 /* UnitTestDemoTests */,
				ACC0964A233B8F8B00E65E17 /* UnitTestDemoUITests */,
				ACC09627233B8F8B00E65E17 /* Products */,
			);
			sourceTree = "<group>";
		};
		ACC09627233B8F8B00E65E17 /* Products */ = {
			isa = PBXGroup;
			children = (
				ACC09626233B8F8B00E65E17 /* UnitTestDemo.app */,
				ACC0963C233B8F8B00E65E17 /* UnitTestDemoTests.xctest */,
				ACC09647233B8F8B00E65E17 /* UnitTestDemoUITests.xctest */,
			);
			name = Products;
			sourceTree = "<group>";
		};
		ACC09628233B8F8B00E65E17 /* UnitTestDemo */ = {
			isa = PBXGroup;
			children = (
				ACC09629233B8F8B00E65E17 /* AppDelegate.swift */,
				ACC0962B233B8F8B00E65E17 /* SceneDelegate.swift */,
				ACC0962D233B8F8B00E65E17 /* ViewController.swift */,
				ACC0962F233B8F8B00E65E17 /* Main.storyboard */,
				ACC09632233B8F8B00E65E17 /* Assets.xcassets */,
				ACC09634233B8F8B00E65E17 /* LaunchScreen.storyboard */,
				ACC09637233B8F8B00E65E17 /* Info.plist */,
			);
			path = UnitTestDemo;
			sourceTree = "<group>";
		};
		ACC0963F233B8F8B00E65E17 /* UnitTestDemoTests */ = {
			isa = PBXGroup;
			children = (
				ACC09640233B8F8B00E65E17 /* UnitTestDemoTests.swift */,
				ACC09642233B8F8B00E65E17 /* Info.plist */,
			);
			path = UnitTestDemoTests;
			sourceTree = "<group>";
		};
		ACC0964A233B8F8B00E65E17 /* UnitTestDemoUITests */ = {
			isa = PBXGroup;
			children = (
				ACC0964B233B8F8B00E65E17 /* UnitTestDemoUITests.swift */,
				ACC0964D233B8F8B00E65E17 /* Info.plist */,
			);
			path = UnitTestDemoUITests;
			sourceTree = "<group>";
		};
/* End PBXGroup section */

/* Begin PBXNativeTarget section */
		ACC09625233B8F8B00E65E17 /* UnitTestDemo */ = {
			isa = PBXNativeTarget;
			buildConfigurationList = ACC09650233B8F8B00E65E17 /* Build configuration list for PBXNativeTarget "UnitTestDemo" */;
			buildPhases = (
				ACC09622233B8F8B00E65E17 /* Sources */,
				ACC09623233B8F8B00E65E17 /* Frameworks */,
				ACC09624233B8F8B00E65E17 /* Resources */,
			);
			buildRules = (
			);
			dependencies = (
			);
			name = UnitTestDemo;
			productName = UnitTestDemo;
			productReference = ACC09626233B8F8B00E65E17 /* UnitTestDemo.app */;
			productType = "com.apple.product-type.application";
		};
		ACC0963B233B8F8B00E65E17 /* UnitTestDemoTests */ = {
			isa = PBXNativeTarget;
			buildConfigurationList = ACC09653233B8F8B00E65E17 /* Build configuration list for PBXNativeTarget "UnitTestDemoTests" */;
			buildPhases = (
				ACC09638233B8F8B00E65E17 /* Sources */,
				ACC09639233B8F8B00E65E17 /* Frameworks */,
				ACC0963A233B8F8B00E65E17 /* Resources */,
			);
			buildRules = (
			);
			dependencies = (
				ACC0963E233B8F8B00E65E17 /* PBXTargetDependency */,
			);
			name = UnitTestDemoTests;
			productName = UnitTestDemoTests;
			productReference = ACC0963C233B8F8B00E65E17 /* UnitTestDemoTests.xctest */;
			productType = "com.apple.product-type.bundle.unit-test";
		};
		ACC09646233B8F8B00E65E17 /* UnitTestDemoUITests */ = {
			isa = PBXNativeTarget;
			buildConfigurationList = ACC09656233B8F8B00E65E17 /* Build configuration list for PBXNativeTarget "UnitTestDemoUITests" */;
			buildPhases = (
				ACC09643233B8F8B00E65E17 /* Sources */,
				ACC09644233B8F8B00E65E17 /* Frameworks */,
				ACC09645233B8F8B00E65E17 /* Resources */,
			);
			buildRules = (
			);
			dependencies = (
				ACC09649233B8F8B00E65E17 /* PBXTargetDependency */,
			);
			name = UnitTestDemoUITests;
			productName = UnitTestDemoUITests;
			productReference = ACC09647233B8F8B00E65E17 /* UnitTestDemoUITests.xctest */;
			productType = "com.apple.product-type.bundle.ui-testing";
		};
/* End PBXNativeTarget section */

/* Begin PBXProject section */
		ACC0961E233B8F8B00E65E17 /* Project object */ = {
			isa = PBXProject;
			attributes = {
				LastSwiftUpdateCheck = 1100;
				LastUpgradeCheck = 1100;
				ORGANIZATIONNAME = "Atul Kumar Tiwari-MBP";
				TargetAttributes = {
					ACC09625233B8F8B00E65E17 = {
						CreatedOnToolsVersion = 11.0;
					};
					ACC0963B233B8F8B00E65E17 = {
						CreatedOnToolsVersion = 11.0;
						TestTargetID = ACC09625233B8F8B00E65E17;
					};
					ACC09646233B8F8B00E65E17 = {
						CreatedOnToolsVersion = 11.0;
						TestTargetID = ACC09625233B8F8B00E65E17;
					};
				};
			};
			buildConfigurationList = ACC09621233B8F8B00E65E17 /* Build configuration list for PBXProject "UnitTestDemo" */;
			compatibilityVersion = "Xcode 9.3";
			developmentRegion = en;
			hasScannedForEncodings = 0;
			knownRegions = (
				en,
				Base,
			);
			mainGroup = ACC0961D233B8F8B00E65E17;
			productRefGroup = ACC09627233B8F8B00E65E17 /* Products */;
			projectDirPath = "";
			projectRoot = "";
			targets = (
				ACC09625233B8F8B00E65E17 /* UnitTestDemo */,
				ACC0963B233B8F8B00E65E17 /* UnitTestDemoTests */,
				ACC09646233B8F8B00E65E17 /* UnitTestDemoUITests */,
			);
		};
/* End PBXProject section */

/* Begin PBXResourcesBuildPhase section */
		ACC09624233B8F8B00E65E17 /* Resources */ = {
			isa = PBXResourcesBuildPhase;
			buildActionMask = 2147483647;
			files = (
				ACC09636233B8F8B00E65E17 /* LaunchScreen.storyboard in Resources */,
				ACC09633233B8F8B00E65E17 /* Assets.xcassets in Resources */,
				ACC09631233B8F8B00E65E17 /* Main.storyboard in Resources */,
			);
			runOnlyForDeploymentPostprocessing = 0;
		};
		ACC0963A233B8F8B00E65E17 /* Resources */ = {
			isa = PBXResourcesBuildPhase;
			buildActionMask = 2147483647;
			files = (
			);
			runOnlyForDeploymentPostprocessing = 0;
		};
		ACC09645233B8F8B00E65E17 /* Resources */ = {
			isa = PBXResourcesBuildPhase;
			buildActionMask = 2147483647;
			files = (
			);
			runOnlyForDeploymentPostprocessing = 0;
		};
/* End PBXResourcesBuildPhase section */

/* Begin PBXSourcesBuildPhase section */
		ACC09622233B8F8B00E65E17 /* Sources */ = {
			isa = PBXSourcesBuildPhase;
			buildActionMask = 2147483647;
			files = (
				ACC0962E233B8F8B00E65E17 /* ViewController.swift in Sources */,
				ACC0962A233B8F8B00E65E17 /* AppDelegate.swift in Sources */,
				ACC0962C233B8F8B00E65E17 /* SceneDelegate.swift in Sources */,
			);
			runOnlyForDeploymentPostprocessing = 0;
		};
		ACC09638233B8F8B00E65E17 /* Sources */ = {
			isa = PBXSourcesBuildPhase;
			buildActionMask = 2147483647;
			files = (
				ACC09641233B8F8B00E65E17 /* UnitTestDemoTests.swift in Sources */,
			);
			runOnlyForDeploymentPostprocessing = 0;
		};
		ACC09643233B8F8B00E65E17 /* Sources */ = {
			isa = PBXSourcesBuildPhase;
			buildActionMask = 2147483647;
			files = (
				ACC0964C233B8F8B00E65E17 /* UnitTestDemoUITests.swift in Sources */,
			);
			runOnlyForDeploymentPostprocessing = 0;
		};
/* End PBXSourcesBuildPhase section */

/* Begin PBXTargetDependency section */
		ACC0963E233B8F8B00E65E17 /* PBXTargetDependency */ = {
			isa = PBXTargetDependency;
			target = ACC09625233B8F8B00E65E17 /* UnitTestDemo */;
			targetProxy = ACC0963D233B8F8B00E65E17 /* PBXContainerItemProxy */;
		};
		ACC09649233B8F8B00E65E17 /* PBXTargetDependency */ = {
			isa = PBXTargetDependency;
			target = ACC09625233B8F8B00E65E17 /* UnitTestDemo */;
			targetProxy = ACC09648233B8F8B00E65E17 /* PBXContainerItemProxy */;
		};
/* End PBXTargetDependency section */

/* Begin PBXVariantGroup section */
		ACC0962F233B8F8B00E65E17 /* Main.storyboard */ = {
			isa = PBXVariantGroup;
			children = (
				ACC09630233B8F8B00E65E17 /* Base */,
			);
			name = Main.storyboard;
			sourceTree = "<group>";
		};
		ACC09634233B8F8B00E65E17 /* LaunchScreen.storyboard */ = {
			isa = PBXVariantGroup;
			children = (
				ACC09635233B8F8B00E65E17 /* Base */,
			);
			name = LaunchScreen.storyboard;
			sourceTree = "<group>";
		};
/* End PBXVariantGroup section */

/* Begin XCBuildConfiguration section */
		ACC0964E233B8F8B00E65E17 /* Debug */ = {
			isa = XCBuildConfiguration;
			buildSettings = {
				ALWAYS_SEARCH_USER_PATHS = NO;
				CLANG_ANALYZER_NONNULL = YES;
				CLANG_ANALYZER_NUMBER_OBJECT_CONVERSION = YES_AGGRESSIVE;
				CLANG_CXX_LANGUAGE_STANDARD = "gnu++14";
				CLANG_CXX_LIBRARY = "libc++";
				CLANG_ENABLE_MODULES = YES;
				CLANG_ENABLE_OBJC_ARC = YES;
				CLANG_ENABLE_OBJC_WEAK = YES;
				CLANG_WARN_BLOCK_CAPTURE_AUTORELEASING = YES;
				CLANG_WARN_BOOL_CONVERSION = YES;
				CLANG_WARN_COMMA = YES;
				CLANG_WARN_CONSTANT_CONVERSION = YES;
				CLANG_WARN_DEPRECATED_OBJC_IMPLEMENTATIONS = YES;
				CLANG_WARN_DIRECT_OBJC_ISA_USAGE = YES_ERROR;
				CLANG_WARN_DOCUMENTATION_COMMENTS = YES;
				CLANG_WARN_EMPTY_BODY = YES;
				CLANG_WARN_ENUM_CONVERSION = YES;
				CLANG_WARN_INFINITE_RECURSION = YES;
				CLANG_WARN_INT_CONVERSION = YES;
				CLANG_WARN_NON_LITERAL_NULL_CONVERSION = YES;
				CLANG_WARN_OBJC_IMPLICIT_RETAIN_SELF = YES;
				CLANG_WARN_OBJC_LITERAL_CONVERSION = YES;
				CLANG_WARN_OBJC_ROOT_CLASS = YES_ERROR;
				CLANG_WARN_RANGE_LOOP_ANALYSIS = YES;
				CLANG_WARN_STRICT_PROTOTYPES = YES;
				CLANG_WARN_SUSPICIOUS_MOVE = YES;
				CLANG_WARN_UNGUARDED_AVAILABILITY = YES_AGGRESSIVE;
				CLANG_WARN_UNREACHABLE_CODE = YES;
				CLANG_WARN__DUPLICATE_METHOD_MATCH = YES;
				COPY_PHASE_STRIP = NO;
				DEBUG_INFORMATION_FORMAT = dwarf;
				ENABLE_STRICT_OBJC_MSGSEND = YES;
				ENABLE_TESTABILITY = YES;
				GCC_C_LANGUAGE_STANDARD = gnu11;
				GCC_DYNAMIC_NO_PIC = NO;
				GCC_NO_COMMON_BLOCKS = YES;
				GCC_OPTIMIZATION_LEVEL = 0;
				GCC_PREPROCESSOR_DEFINITIONS = (
					"DEBUG=1",
					"$(inherited)",
				);
				GCC_WARN_64_TO_32_BIT_CONVERSION = YES;
				GCC_WARN_ABOUT_RETURN_TYPE = YES_ERROR;
				GCC_WARN_UNDECLARED_SELECTOR = YES;
				GCC_WARN_UNINITIALIZED_AUTOS = YES_AGGRESSIVE;
				GCC_WARN_UNUSED_FUNCTION = YES;
				GCC_WARN_UNUSED_VARIABLE = YES;
				IPHONEOS_DEPLOYMENT_TARGET = 13.0;
				MTL_ENABLE_DEBUG_INFO = INCLUDE_SOURCE;
				MTL_FAST_MATH = YES;
				ONLY_ACTIVE_ARCH = YES;
				SDKROOT = iphoneos;
				SWIFT_ACTIVE_COMPILATION_CONDITIONS = DEBUG;
				SWIFT_OPTIMIZATION_LEVEL = "-Onone";
			};
			name = Debug;
		};
		ACC0964F233B8F8B00E65E17 /* Release */ = {
			isa = XCBuildConfiguration;
			buildSettings = {
				ALWAYS_SEARCH_USER_PATHS = NO;
				CLANG_ANALYZER_NONNULL = YES;
				CLANG_ANALYZER_NUMBER_OBJECT_CONVERSION = YES_AGGRESSIVE;
				CLANG_CXX_LANGUAGE_STANDARD = "gnu++14";
				CLANG_CXX_LIBRARY = "libc++";
				CLANG_ENABLE_MODULES = YES;
				CLANG_ENABLE_OBJC_ARC = YES;
				CLANG_ENABLE_OBJC_WEAK = YES;
				CLANG_WARN_BLOCK_CAPTURE_AUTORELEASING = YES;
				CLANG_WARN_BOOL_CONVERSION = YES;
				CLANG_WARN_COMMA = YES;
				CLANG_WARN_CONSTANT_CONVERSION = YES;
				CLANG_WARN_DEPRECATED_OBJC_IMPLEMENTATIONS = YES;
				CLANG_WARN_DIRECT_OBJC_ISA_USAGE = YES_ERROR;
				CLANG_WARN_DOCUMENTATION_COMMENTS = YES;
				CLANG_WARN_EMPTY_BODY = YES;
				CLANG_WARN_ENUM_CONVERSION = YES;
				CLANG_WARN_INFINITE_RECURSION = YES;
				CLANG_WARN_INT_CONVERSION = YES;
				CLANG_WARN_NON_LITERAL_NULL_CONVERSION = YES;
				CLANG_WARN_OBJC_IMPLICIT_RETAIN_SELF = YES;
				CLANG_WARN_OBJC_LITERAL_CONVERSION = YES;
				CLANG_WARN_OBJC_ROOT_CLASS = YES_ERROR;
				CLANG_WARN_RANGE_LOOP_ANALYSIS = YES;
				CLANG_WARN_STRICT_PROTOTYPES = YES;
				CLANG_WARN_SUSPICIOUS_MOVE = YES;
				CLANG_WARN_UNGUARDED_AVAILABILITY = YES_AGGRESSIVE;
				CLANG_WARN_UNREACHABLE_CODE = YES;
				CLANG_WARN__DUPLICATE_METHOD_MATCH = YES;
				COPY_PHASE_STRIP = NO;
				DEBUG_INFORMATION_FORMAT = "dwarf-with-dsym";
				ENABLE_NS_ASSERTIONS = NO;
				ENABLE_STRICT_OBJC_MSGSEND = YES;
				GCC_C_LANGUAGE_STANDARD = gnu11;
				GCC_NO_COMMON_BLOCKS = YES;
				GCC_WARN_64_TO_32_BIT_CONVERSION = YES;
				GCC_WARN_ABOUT_RETURN_TYPE = YES_ERROR;
				GCC_WARN_UNDECLARED_SELECTOR = YES;
				GCC_WARN_UNINITIALIZED_AUTOS = YES_AGGRESSIVE;
				GCC_WARN_UNUSED_FUNCTION = YES;
				GCC_WARN_UNUSED_VARIABLE = YES;
				IPHONEOS_DEPLOYMENT_TARGET = 13.0;
				MTL_ENABLE_DEBUG_INFO = NO;
				MTL_FAST_MATH = YES;
				SDKROOT = iphoneos;
				SWIFT_COMPILATION_MODE = wholemodule;
				SWIFT_OPTIMIZATION_LEVEL = "-O";
				VALIDATE_PRODUCT = YES;
			};
			name = Release;
		};
		ACC09651233B8F8B00E65E17 /* Debug */ = {
			isa = XCBuildConfiguration;
			buildSettings = {
				ASSETCATALOG_COMPILER_APPICON_NAME = AppIcon;
				CODE_SIGN_STYLE = Automatic;
				INFOPLIST_FILE = UnitTestDemo/Info.plist;
				LD_RUNPATH_SEARCH_PATHS = (
					"$(inherited)",
					"@executable_path/Frameworks",
				);
				PRODUCT_BUNDLE_IDENTIFIER = Tokopedia.UnitTestDemo;
				PRODUCT_NAME = "$(TARGET_NAME)";
				SWIFT_VERSION = 5.0;
				TARGETED_DEVICE_FAMILY = "1,2";
			};
			name = Debug;
		};
		ACC09652233B8F8B00E65E17 /* Release */ = {
			isa = XCBuildConfiguration;
			buildSettings = {
				ASSETCATALOG_COMPILER_APPICON_NAME = AppIcon;
				CODE_SIGN_STYLE = Automatic;
				INFOPLIST_FILE = UnitTestDemo/Info.plist;
				LD_RUNPATH_SEARCH_PATHS = (
					"$(inherited)",
					"@executable_path/Frameworks",
				);
				PRODUCT_BUNDLE_IDENTIFIER = Tokopedia.UnitTestDemo;
				PRODUCT_NAME = "$(TARGET_NAME)";
				SWIFT_VERSION = 5.0;
				TARGETED_DEVICE_FAMILY = "1,2";
			};
			name = Release;
		};
		ACC09654233B8F8B00E65E17 /* Debug */ = {
			isa = XCBuildConfiguration;
			buildSettings = {
				ALWAYS_EMBED_SWIFT_STANDARD_LIBRARIES = YES;
				BUNDLE_LOADER = "$(TEST_HOST)";
				CODE_SIGN_STYLE = Automatic;
				INFOPLIST_FILE = UnitTestDemoTests/Info.plist;
				IPHONEOS_DEPLOYMENT_TARGET = 13.0;
				LD_RUNPATH_SEARCH_PATHS = (
					"$(inherited)",
					"@executable_path/Frameworks",
					"@loader_path/Frameworks",
				);
				PRODUCT_BUNDLE_IDENTIFIER = Tokopedia.UnitTestDemoTests;
				PRODUCT_NAME = "$(TARGET_NAME)";
				SWIFT_VERSION = 5.0;
				TARGETED_DEVICE_FAMILY = "1,2";
				TEST_HOST = "$(BUILT_PRODUCTS_DIR)/UnitTestDemo.app/UnitTestDemo";
			};
			name = Debug;
		};
		ACC09655233B8F8B00E65E17 /* Release */ = {
			isa = XCBuildConfiguration;
			buildSettings = {
				ALWAYS_EMBED_SWIFT_STANDARD_LIBRARIES = YES;
				BUNDLE_LOADER = "$(TEST_HOST)";
				CODE_SIGN_STYLE = Automatic;
				INFOPLIST_FILE = UnitTestDemoTests/Info.plist;
				IPHONEOS_DEPLOYMENT_TARGET = 13.0;
				LD_RUNPATH_SEARCH_PATHS = (
					"$(inherited)",
					"@executable_path/Frameworks",
					"@loader_path/Frameworks",
				);
				PRODUCT_BUNDLE_IDENTIFIER = Tokopedia.UnitTestDemoTests;
				PRODUCT_NAME = "$(TARGET_NAME)";
				SWIFT_VERSION = 5.0;
				TARGETED_DEVICE_FAMILY = "1,2";
				TEST_HOST = "$(BUILT_PRODUCTS_DIR)/UnitTestDemo.app/UnitTestDemo";
			};
			name = Release;
		};
		ACC09657233B8F8B00E65E17 /* Debug */ = {
			isa = XCBuildConfiguration;
			buildSettings = {
				ALWAYS_EMBED_SWIFT_STANDARD_LIBRARIES = YES;
				CODE_SIGN_STYLE = Automatic;
				INFOPLIST_FILE = UnitTestDemoUITests/Info.plist;
				LD_RUNPATH_SEARCH_PATHS = (
					"$(inherited)",
					"@executable_path/Frameworks",
					"@loader_path/Frameworks",
				);
				PRODUCT_BUNDLE_IDENTIFIER = Tokopedia.UnitTestDemoUITests;
				PRODUCT_NAME = "$(TARGET_NAME)";
				SWIFT_VERSION = 5.0;
				TARGETED_DEVICE_FAMILY = "1,2";
				TEST_TARGET_NAME = UnitTestDemo;
			};
			name = Debug;
		};
		ACC09658233B8F8B00E65E17 /* Release */ = {
			isa = XCBuildConfiguration;
			buildSettings = {
				ALWAYS_EMBED_SWIFT_STANDARD_LIBRARIES = YES;
				CODE_SIGN_STYLE = Automatic;
				INFOPLIST_FILE = UnitTestDemoUITests/Info.plist;
				LD_RUNPATH_SEARCH_PATHS = (
					"$(inherited)",
					"@executable_path/Frameworks",
					"@loader_path/Frameworks",
				);
				PRODUCT_BUNDLE_IDENTIFIER = Tokopedia.UnitTestDemoUITests;
				PRODUCT_NAME = "$(TARGET_NAME)";
				SWIFT_VERSION = 5.0;
				TARGETED_DEVICE_FAMILY = "1,2";
				TEST_TARGET_NAME = UnitTestDemo;
			};
			name = Release;
		};
/* End XCBuildConfiguration section */

/* Begin XCConfigurationList section */
		ACC09621233B8F8B00E65E17 /* Build configuration list for PBXProject "UnitTestDemo" */ = {
			isa = XCConfigurationList;
			buildConfigurations = (
				ACC0964E233B8F8B00E65E17 /* Debug */,
				ACC0964F233B8F8B00E65E17 /* Release */,
			);
			defaultConfigurationIsVisible = 0;
			defaultConfigurationName = Release;
		};
		ACC09650233B8F8B00E65E17 /* Build configuration list for PBXNativeTarget "UnitTestDemo" */ = {
			isa = XCConfigurationList;
			buildConfigurations = (
				ACC09651233B8F8B00E65E17 /* Debug */,
				ACC09652233B8F8B00E65E17 /* Release */,
			);
			defaultConfigurationIsVisible = 0;
			defaultConfigurationName = Release;
		};
		ACC09653233B8F8B00E65E17 /* Build configuration list for PBXNativeTarget "UnitTestDemoTests" */ = {
			isa = XCConfigurationList;
			buildConfigurations = (
				ACC09654233B8F8B00E65E17 /* Debug */,
				ACC09655233B8F8B00E65E17 /* Release */,
			);
			defaultConfigurationIsVisible = 0;
			defaultConfigurationName = Release;
		};
		ACC09656233B8F8B00E65E17 /* Build configuration list for PBXNativeTarget "UnitTestDemoUITests" */ = {
			isa = XCConfigurationList;
			buildConfigurations = (
				ACC09657233B8F8B00E65E17 /* Debug */,
				ACC09658233B8F8B00E65E17 /* Release */,
			);
			defaultConfigurationIsVisible = 0;
			defaultConfigurationName = Release;
		};
/* End XCConfigurationList section */
	};
	rootObject = ACC0961E233B8F8B00E65E17 /* Project object */;
}
